// !$*UTF8*$!
{
	archiveVersion = 1;
	classes = {
	};
	objectVersion = 46;
	objects = {

/* Begin PBXBuildFile section */
		576BD7A51A2625510046A99C /* AppDelegate.m in Sources */ = {isa = PBXBuildFile; fileRef = 576BD7A41A2625510046A99C /* AppDelegate.m */; };
		576BD7A71A2625510046A99C /* main.m in Sources */ = {isa = PBXBuildFile; fileRef = 576BD7A61A2625510046A99C /* main.m */; };
		576BD7A91A2625510046A99C /* Images.xcassets in Resources */ = {isa = PBXBuildFile; fileRef = 576BD7A81A2625510046A99C /* Images.xcassets */; };
		576BD7AC1A2625510046A99C /* MainMenu.xib in Resources */ = {isa = PBXBuildFile; fileRef = 576BD7AA1A2625510046A99C /* MainMenu.xib */; };
		576BD7B81A2625510046A99C /* MockingJSONTests.m in Sources */ = {isa = PBXBuildFile; fileRef = 576BD7B71A2625510046A99C /* MockingJSONTests.m */; };
		576BD7C41A2625A20046A99C /* mocking_json.c in Sources */ = {isa = PBXBuildFile; fileRef = 576BD7C21A2625A20046A99C /* mocking_json.c */; };
		576BD7C61A2628490046A99C /* tests in Resources */ = {isa = PBXBuildFile; fileRef = 576BD7C51A2628490046A99C /* tests */; };
		576BD7C91A262B6E0046A99C /* mocking_tests.c in Sources */ = {isa = PBXBuildFile; fileRef = 576BD7C71A262B6E0046A99C /* mocking_tests.c */; };
		576BD7CC1A2640AB0046A99C /* mocking_sexpressions.c in Sources */ = {isa = PBXBuildFile; fileRef = 576BD7CA1A2640AB0046A99C /* mocking_sexpressions.c */; };
		576BD7CF1A2648960046A99C /* mocking_conscell.c in Sources */ = {isa = PBXBuildFile; fileRef = 576BD7CD1A2648960046A99C /* mocking_conscell.c */; };
		576BD7DD1A2653090046A99C /* jsmn.c in Sources */ = {isa = PBXBuildFile; fileRef = 576BD7D51A2653090046A99C /* jsmn.c */; };
/* End PBXBuildFile section */

/* Begin PBXContainerItemProxy section */
		576BD7B21A2625510046A99C /* PBXContainerItemProxy */ = {
			isa = PBXContainerItemProxy;
			containerPortal = 576BD7961A2625510046A99C /* Project object */;
			proxyType = 1;
			remoteGlobalIDString = 576BD79D1A2625510046A99C;
			remoteInfo = MockingJSON;
		};
/* End PBXContainerItemProxy section */

/* Begin PBXFileReference section */
		576BD79E1A2625510046A99C /* MockingJSON.app */ = {isa = PBXFileReference; explicitFileType = wrapper.application; includeInIndex = 0; path = MockingJSON.app; sourceTree = BUILT_PRODUCTS_DIR; };
		576BD7A21A2625510046A99C /* Info.plist */ = {isa = PBXFileReference; lastKnownFileType = text.plist.xml; path = Info.plist; sourceTree = "<group>"; };
		576BD7A31A2625510046A99C /* AppDelegate.h */ = {isa = PBXFileReference; lastKnownFileType = sourcecode.c.h; path = AppDelegate.h; sourceTree = "<group>"; };
		576BD7A41A2625510046A99C /* AppDelegate.m */ = {isa = PBXFileReference; lastKnownFileType = sourcecode.c.objc; path = AppDelegate.m; sourceTree = "<group>"; };
		576BD7A61A2625510046A99C /* main.m */ = {isa = PBXFileReference; lastKnownFileType = sourcecode.c.objc; path = main.m; sourceTree = "<group>"; };
		576BD7A81A2625510046A99C /* Images.xcassets */ = {isa = PBXFileReference; lastKnownFileType = folder.assetcatalog; path = Images.xcassets; sourceTree = "<group>"; };
		576BD7AB1A2625510046A99C /* Base */ = {isa = PBXFileReference; lastKnownFileType = file.xib; name = Base; path = Base.lproj/MainMenu.xib; sourceTree = "<group>"; };
		576BD7B11A2625510046A99C /* MockingJSONTests.xctest */ = {isa = PBXFileReference; explicitFileType = wrapper.cfbundle; includeInIndex = 0; path = MockingJSONTests.xctest; sourceTree = BUILT_PRODUCTS_DIR; };
		576BD7B61A2625510046A99C /* Info.plist */ = {isa = PBXFileReference; lastKnownFileType = text.plist.xml; path = Info.plist; sourceTree = "<group>"; };
		576BD7B71A2625510046A99C /* MockingJSONTests.m */ = {isa = PBXFileReference; lastKnownFileType = sourcecode.c.objc; path = MockingJSONTests.m; sourceTree = "<group>"; };
		576BD7C21A2625A20046A99C /* mocking_json.c */ = {isa = PBXFileReference; fileEncoding = 4; lastKnownFileType = sourcecode.c.c; path = mocking_json.c; sourceTree = "<group>"; };
		576BD7C31A2625A20046A99C /* mocking_json.h */ = {isa = PBXFileReference; fileEncoding = 4; lastKnownFileType = sourcecode.c.h; path = mocking_json.h; sourceTree = "<group>"; };
		576BD7C51A2628490046A99C /* tests */ = {isa = PBXFileReference; lastKnownFileType = folder; path = tests; sourceTree = "<group>"; };
		576BD7C71A262B6E0046A99C /* mocking_tests.c */ = {isa = PBXFileReference; fileEncoding = 4; lastKnownFileType = sourcecode.c.c; name = mocking_tests.c; path = tests/mocking_tests.c; sourceTree = "<group>"; };
		576BD7C81A262B6E0046A99C /* mocking_tests.h */ = {isa = PBXFileReference; fileEncoding = 4; lastKnownFileType = sourcecode.c.h; name = mocking_tests.h; path = tests/mocking_tests.h; sourceTree = "<group>"; };
		576BD7CA1A2640AB0046A99C /* mocking_sexpressions.c */ = {isa = PBXFileReference; fileEncoding = 4; lastKnownFileType = sourcecode.c.c; path = mocking_sexpressions.c; sourceTree = "<group>"; };
		576BD7CB1A2640AB0046A99C /* mocking_sexpressions.h */ = {isa = PBXFileReference; fileEncoding = 4; lastKnownFileType = sourcecode.c.h; path = mocking_sexpressions.h; sourceTree = "<group>"; };
		576BD7CD1A2648960046A99C /* mocking_conscell.c */ = {isa = PBXFileReference; fileEncoding = 4; lastKnownFileType = sourcecode.c.c; path = mocking_conscell.c; sourceTree = "<group>"; };
		576BD7CE1A2648960046A99C /* mocking_conscell.h */ = {isa = PBXFileReference; fileEncoding = 4; lastKnownFileType = sourcecode.c.h; path = mocking_conscell.h; sourceTree = "<group>"; };
		576BD7D51A2653090046A99C /* jsmn.c */ = {isa = PBXFileReference; fileEncoding = 4; lastKnownFileType = sourcecode.c.c; path = jsmn.c; sourceTree = "<group>"; };
		576BD7D61A2653090046A99C /* jsmn.h */ = {isa = PBXFileReference; fileEncoding = 4; lastKnownFileType = sourcecode.c.h; path = jsmn.h; sourceTree = "<group>"; };
/* End PBXFileReference section */

/* Begin PBXFrameworksBuildPhase section */
		576BD79B1A2625510046A99C /* Frameworks */ = {
			isa = PBXFrameworksBuildPhase;
			buildActionMask = 2147483647;
			files = (
			);
			runOnlyForDeploymentPostprocessing = 0;
		};
		576BD7AE1A2625510046A99C /* Frameworks */ = {
			isa = PBXFrameworksBuildPhase;
			buildActionMask = 2147483647;
			files = (
			);
			runOnlyForDeploymentPostprocessing = 0;
		};
/* End PBXFrameworksBuildPhase section */

/* Begin PBXGroup section */
		576BD7951A2625510046A99C = {
			isa = PBXGroup;
			children = (
				576BD7CD1A2648960046A99C /* mocking_conscell.c */,
				576BD7CE1A2648960046A99C /* mocking_conscell.h */,
				576BD7CA1A2640AB0046A99C /* mocking_sexpressions.c */,
				576BD7CB1A2640AB0046A99C /* mocking_sexpressions.h */,
				576BD7C71A262B6E0046A99C /* mocking_tests.c */,
				576BD7C81A262B6E0046A99C /* mocking_tests.h */,
				576BD7C21A2625A20046A99C /* mocking_json.c */,
				576BD7C31A2625A20046A99C /* mocking_json.h */,
				576BD7C51A2628490046A99C /* tests */,
				576BD7A01A2625510046A99C /* MockingJSON */,
				576BD7B41A2625510046A99C /* MockingJSONTests */,
				576BD79F1A2625510046A99C /* Products */,
				576BD7D01A2653090046A99C /* libs */,
			);
			sourceTree = "<group>";
		};
		576BD79F1A2625510046A99C /* Products */ = {
			isa = PBXGroup;
			children = (
				576BD79E1A2625510046A99C /* MockingJSON.app */,
				576BD7B11A2625510046A99C /* MockingJSONTests.xctest */,
			);
			name = Products;
			sourceTree = "<group>";
		};
		576BD7A01A2625510046A99C /* MockingJSON */ = {
			isa = PBXGroup;
			children = (
				576BD7A31A2625510046A99C /* AppDelegate.h */,
				576BD7A41A2625510046A99C /* AppDelegate.m */,
				576BD7A81A2625510046A99C /* Images.xcassets */,
				576BD7AA1A2625510046A99C /* MainMenu.xib */,
				576BD7A11A2625510046A99C /* Supporting Files */,
			);
			path = MockingJSON;
			sourceTree = "<group>";
		};
		576BD7A11A2625510046A99C /* Supporting Files */ = {
			isa = PBXGroup;
			children = (
				576BD7A21A2625510046A99C /* Info.plist */,
				576BD7A61A2625510046A99C /* main.m */,
			);
			name = "Supporting Files";
			sourceTree = "<group>";
		};
		576BD7B41A2625510046A99C /* MockingJSONTests */ = {
			isa = PBXGroup;
			children = (
				576BD7B71A2625510046A99C /* MockingJSONTests.m */,
				576BD7B51A2625510046A99C /* Supporting Files */,
			);
			path = MockingJSONTests;
			sourceTree = "<group>";
		};
		576BD7B51A2625510046A99C /* Supporting Files */ = {
			isa = PBXGroup;
			children = (
				576BD7B61A2625510046A99C /* Info.plist */,
			);
			name = "Supporting Files";
			sourceTree = "<group>";
		};
		576BD7D01A2653090046A99C /* libs */ = {
			isa = PBXGroup;
			children = (
				576BD7D11A2653090046A99C /* jsmn */,
			);
			path = libs;
			sourceTree = "<group>";
		};
		576BD7D11A2653090046A99C /* jsmn */ = {
			isa = PBXGroup;
			children = (
				576BD7D51A2653090046A99C /* jsmn.c */,
				576BD7D61A2653090046A99C /* jsmn.h */,
			);
			path = jsmn;
			sourceTree = "<group>";
		};
/* End PBXGroup section */

/* Begin PBXNativeTarget section */
		576BD79D1A2625510046A99C /* MockingJSON */ = {
			isa = PBXNativeTarget;
			buildConfigurationList = 576BD7BB1A2625510046A99C /* Build configuration list for PBXNativeTarget "MockingJSON" */;
			buildPhases = (
				576BD79A1A2625510046A99C /* Sources */,
				576BD79B1A2625510046A99C /* Frameworks */,
				576BD79C1A2625510046A99C /* Resources */,
			);
			buildRules = (
			);
			dependencies = (
			);
			name = MockingJSON;
			productName = MockingJSON;
			productReference = 576BD79E1A2625510046A99C /* MockingJSON.app */;
			productType = "com.apple.product-type.application";
		};
		576BD7B01A2625510046A99C /* MockingJSONTests */ = {
			isa = PBXNativeTarget;
			buildConfigurationList = 576BD7BE1A2625510046A99C /* Build configuration list for PBXNativeTarget "MockingJSONTests" */;
			buildPhases = (
				576BD7AD1A2625510046A99C /* Sources */,
				576BD7AE1A2625510046A99C /* Frameworks */,
				576BD7AF1A2625510046A99C /* Resources */,
			);
			buildRules = (
			);
			dependencies = (
				576BD7B31A2625510046A99C /* PBXTargetDependency */,
			);
			name = MockingJSONTests;
			productName = MockingJSONTests;
			productReference = 576BD7B11A2625510046A99C /* MockingJSONTests.xctest */;
			productType = "com.apple.product-type.bundle.unit-test";
		};
/* End PBXNativeTarget section */

/* Begin PBXProject section */
		576BD7961A2625510046A99C /* Project object */ = {
			isa = PBXProject;
			attributes = {
				LastUpgradeCheck = 0610;
				ORGANIZATIONNAME = "Sergey Klimov";
				TargetAttributes = {
					576BD79D1A2625510046A99C = {
						CreatedOnToolsVersion = 6.1;
					};
					576BD7B01A2625510046A99C = {
						CreatedOnToolsVersion = 6.1;
						TestTargetID = 576BD79D1A2625510046A99C;
					};
				};
			};
			buildConfigurationList = 576BD7991A2625510046A99C /* Build configuration list for PBXProject "MockingJSON" */;
			compatibilityVersion = "Xcode 3.2";
			developmentRegion = English;
			hasScannedForEncodings = 0;
			knownRegions = (
				en,
				Base,
			);
			mainGroup = 576BD7951A2625510046A99C;
			productRefGroup = 576BD79F1A2625510046A99C /* Products */;
			projectDirPath = "";
			projectRoot = "";
			targets = (
				576BD79D1A2625510046A99C /* MockingJSON */,
				576BD7B01A2625510046A99C /* MockingJSONTests */,
			);
		};
/* End PBXProject section */

/* Begin PBXResourcesBuildPhase section */
		576BD79C1A2625510046A99C /* Resources */ = {
			isa = PBXResourcesBuildPhase;
			buildActionMask = 2147483647;
			files = (
				576BD7A91A2625510046A99C /* Images.xcassets in Resources */,
				576BD7AC1A2625510046A99C /* MainMenu.xib in Resources */,
			);
			runOnlyForDeploymentPostprocessing = 0;
		};
		576BD7AF1A2625510046A99C /* Resources */ = {
			isa = PBXResourcesBuildPhase;
			buildActionMask = 2147483647;
			files = (
				576BD7C61A2628490046A99C /* tests in Resources */,
			);
			runOnlyForDeploymentPostprocessing = 0;
		};
/* End PBXResourcesBuildPhase section */

/* Begin PBXSourcesBuildPhase section */
		576BD79A1A2625510046A99C /* Sources */ = {
			isa = PBXSourcesBuildPhase;
			buildActionMask = 2147483647;
			files = (
				576BD7CC1A2640AB0046A99C /* mocking_sexpressions.c in Sources */,
				576BD7A71A2625510046A99C /* main.m in Sources */,
				576BD7C41A2625A20046A99C /* mocking_json.c in Sources */,
				576BD7A51A2625510046A99C /* AppDelegate.m in Sources */,
				576BD7CF1A2648960046A99C /* mocking_conscell.c in Sources */,
				576BD7DD1A2653090046A99C /* jsmn.c in Sources */,
			);
			runOnlyForDeploymentPostprocessing = 0;
		};
		576BD7AD1A2625510046A99C /* Sources */ = {
			isa = PBXSourcesBuildPhase;
			buildActionMask = 2147483647;
			files = (
				576BD7C91A262B6E0046A99C /* mocking_tests.c in Sources */,
				576BD7B81A2625510046A99C /* MockingJSONTests.m in Sources */,
			);
			runOnlyForDeploymentPostprocessing = 0;
		};
/* End PBXSourcesBuildPhase section */

/* Begin PBXTargetDependency section */
		576BD7B31A2625510046A99C /* PBXTargetDependency */ = {
			isa = PBXTargetDependency;
			target = 576BD79D1A2625510046A99C /* MockingJSON */;
			targetProxy = 576BD7B21A2625510046A99C /* PBXContainerItemProxy */;
		};
/* End PBXTargetDependency section */

/* Begin PBXVariantGroup section */
		576BD7AA1A2625510046A99C /* MainMenu.xib */ = {
			isa = PBXVariantGroup;
			children = (
				576BD7AB1A2625510046A99C /* Base */,
			);
			name = MainMenu.xib;
			sourceTree = "<group>";
		};
/* End PBXVariantGroup section */

/* Begin XCBuildConfiguration section */
		576BD7B91A2625510046A99C /* Debug */ = {
			isa = XCBuildConfiguration;
			buildSettings = {
				ALWAYS_SEARCH_USER_PATHS = NO;
				CLANG_CXX_LANGUAGE_STANDARD = "gnu++0x";
				CLANG_CXX_LIBRARY = "libc++";
				CLANG_ENABLE_MODULES = YES;
				CLANG_ENABLE_OBJC_ARC = YES;
				CLANG_WARN_BOOL_CONVERSION = YES;
				CLANG_WARN_CONSTANT_CONVERSION = YES;
				CLANG_WARN_DIRECT_OBJC_ISA_USAGE = YES_ERROR;
				CLANG_WARN_EMPTY_BODY = YES;
				CLANG_WARN_ENUM_CONVERSION = YES;
				CLANG_WARN_INT_CONVERSION = YES;
				CLANG_WARN_OBJC_ROOT_CLASS = YES_ERROR;
				CLANG_WARN_UNREACHABLE_CODE = YES;
				CLANG_WARN__DUPLICATE_METHOD_MATCH = YES;
				CODE_SIGN_IDENTITY = "-";
				COPY_PHASE_STRIP = NO;
				ENABLE_STRICT_OBJC_MSGSEND = YES;
				GCC_C_LANGUAGE_STANDARD = gnu99;
				GCC_DYNAMIC_NO_PIC = NO;
				GCC_OPTIMIZATION_LEVEL = 0;
				GCC_PREPROCESSOR_DEFINITIONS = (
					"DEBUG=1",
					"$(inherited)",
				);
				GCC_SYMBOLS_PRIVATE_EXTERN = NO;
				GCC_WARN_64_TO_32_BIT_CONVERSION = YES;
				GCC_WARN_ABOUT_RETURN_TYPE = YES_ERROR;
				GCC_WARN_UNDECLARED_SELECTOR = YES;
				GCC_WARN_UNINITIALIZED_AUTOS = YES_AGGRESSIVE;
				GCC_WARN_UNUSED_FUNCTION = YES;
				GCC_WARN_UNUSED_VARIABLE = YES;
				MACOSX_DEPLOYMENT_TARGET = 10.9;
				MTL_ENABLE_DEBUG_INFO = YES;
				ONLY_ACTIVE_ARCH = YES;
				SDKROOT = macosx;
			};
			name = Debug;
		};
		576BD7BA1A2625510046A99C /* Release */ = {
			isa = XCBuildConfiguration;
			buildSettings = {
				ALWAYS_SEARCH_USER_PATHS = NO;
				CLANG_CXX_LANGUAGE_STANDARD = "gnu++0x";
				CLANG_CXX_LIBRARY = "libc++";
				CLANG_ENABLE_MODULES = YES;
				CLANG_ENABLE_OBJC_ARC = YES;
				CLANG_WARN_BOOL_CONVERSION = YES;
				CLANG_WARN_CONSTANT_CONVERSION = YES;
				CLANG_WARN_DIRECT_OBJC_ISA_USAGE = YES_ERROR;
				CLANG_WARN_EMPTY_BODY = YES;
				CLANG_WARN_ENUM_CONVERSION = YES;
				CLANG_WARN_INT_CONVERSION = YES;
				CLANG_WARN_OBJC_ROOT_CLASS = YES_ERROR;
				CLANG_WARN_UNREACHABLE_CODE = YES;
				CLANG_WARN__DUPLICATE_METHOD_MATCH = YES;
				CODE_SIGN_IDENTITY = "-";
				COPY_PHASE_STRIP = YES;
				DEBUG_INFORMATION_FORMAT = "dwarf-with-dsym";
				ENABLE_NS_ASSERTIONS = NO;
				ENABLE_STRICT_OBJC_MSGSEND = YES;
				GCC_C_LANGUAGE_STANDARD = gnu99;
				GCC_WARN_64_TO_32_BIT_CONVERSION = YES;
				GCC_WARN_ABOUT_RETURN_TYPE = YES_ERROR;
				GCC_WARN_UNDECLARED_SELECTOR = YES;
				GCC_WARN_UNINITIALIZED_AUTOS = YES_AGGRESSIVE;
				GCC_WARN_UNUSED_FUNCTION = YES;
				GCC_WARN_UNUSED_VARIABLE = YES;
				MACOSX_DEPLOYMENT_TARGET = 10.9;
				MTL_ENABLE_DEBUG_INFO = NO;
				SDKROOT = macosx;
			};
			name = Release;
		};
		576BD7BC1A2625510046A99C /* Debug */ = {
			isa = XCBuildConfiguration;
			buildSettings = {
				ASSETCATALOG_COMPILER_APPICON_NAME = AppIcon;
				COMBINE_HIDPI_IMAGES = YES;
				INFOPLIST_FILE = MockingJSON/Info.plist;
				LD_RUNPATH_SEARCH_PATHS = "$(inherited) @executable_path/../Frameworks";
				PRODUCT_NAME = "$(TARGET_NAME)";
			};
			name = Debug;
		};
		576BD7BD1A2625510046A99C /* Release */ = {
			isa = XCBuildConfiguration;
			buildSettings = {
				ASSETCATALOG_COMPILER_APPICON_NAME = AppIcon;
				COMBINE_HIDPI_IMAGES = YES;
				INFOPLIST_FILE = MockingJSON/Info.plist;
				LD_RUNPATH_SEARCH_PATHS = "$(inherited) @executable_path/../Frameworks";
				PRODUCT_NAME = "$(TARGET_NAME)";
			};
			name = Release;
		};
		576BD7BF1A2625510046A99C /* Debug */ = {
			isa = XCBuildConfiguration;
			buildSettings = {
				BUNDLE_LOADER = "$(TEST_HOST)";
				COMBINE_HIDPI_IMAGES = YES;
				FRAMEWORK_SEARCH_PATHS = (
					"$(DEVELOPER_FRAMEWORKS_DIR)",
					"$(inherited)",
				);
				GCC_PREPROCESSOR_DEFINITIONS = (
					"DEBUG=1",
					"$(inherited)",
				);
				INFOPLIST_FILE = MockingJSONTests/Info.plist;
				LD_RUNPATH_SEARCH_PATHS = "$(inherited) @executable_path/../Frameworks @loader_path/../Frameworks";
				PRODUCT_NAME = "$(TARGET_NAME)";
				TEST_HOST = "$(BUILT_PRODUCTS_DIR)/MockingJSON.app/Contents/MacOS/MockingJSON";
			};
			name = Debug;
		};
		576BD7C01A2625510046A99C /* Release */ = {
			isa = XCBuildConfiguration;
			buildSettings = {
				BUNDLE_LOADER = "$(TEST_HOST)";
				COMBINE_HIDPI_IMAGES = YES;
				FRAMEWORK_SEARCH_PATHS = (
					"$(DEVELOPER_FRAMEWORKS_DIR)",
					"$(inherited)",
				);
				INFOPLIST_FILE = MockingJSONTests/Info.plist;
				LD_RUNPATH_SEARCH_PATHS = "$(inherited) @executable_path/../Frameworks @loader_path/../Frameworks";
				PRODUCT_NAME = "$(TARGET_NAME)";
				TEST_HOST = "$(BUILT_PRODUCTS_DIR)/MockingJSON.app/Contents/MacOS/MockingJSON";
			};
			name = Release;
		};
/* End XCBuildConfiguration section */

/* Begin XCConfigurationList section */
		576BD7991A2625510046A99C /* Build configuration list for PBXProject "MockingJSON" */ = {
			isa = XCConfigurationList;
			buildConfigurations = (
				576BD7B91A2625510046A99C /* Debug */,
				576BD7BA1A2625510046A99C /* Release */,
			);
			defaultConfigurationIsVisible = 0;
			defaultConfigurationName = Release;
		};
		576BD7BB1A2625510046A99C /* Build configuration list for PBXNativeTarget "MockingJSON" */ = {
			isa = XCConfigurationList;
			buildConfigurations = (
				576BD7BC1A2625510046A99C /* Debug */,
				576BD7BD1A2625510046A99C /* Release */,
			);
			defaultConfigurationIsVisible = 0;
			defaultConfigurationName = Release;
		};
		576BD7BE1A2625510046A99C /* Build configuration list for PBXNativeTarget "MockingJSONTests" */ = {
			isa = XCConfigurationList;
			buildConfigurations = (
				576BD7BF1A2625510046A99C /* Debug */,
				576BD7C01A2625510046A99C /* Release */,
			);
			defaultConfigurationIsVisible = 0;
			defaultConfigurationName = Release;
		};
/* End XCConfigurationList section */
	};
	rootObject = 576BD7961A2625510046A99C /* Project object */;
}
